
Microsoft Visual Studio Solution File, Format Version 12.00
# Visual Studio Version 16
VisualStudioVersion = 16.0.29519.87
MinimumVisualStudioVersion = 10.0.40219.1
Project("{FAE04EC0-301F-11D3-BF4B-00C04F79EFBC}") = "EmExServiceClient", "EmExServiceClient\EmExServiceClient.csproj", "{1EFF68DD-EEA4-47E3-A1F0-4931E83ADDB6}"
EndProject
Global
	GlobalSection(SolutionConfigurationPlatforms) = preSolution
		Debug|Any CPU = Debug|Any CPU
		Release|Any CPU = Release|Any CPU
	EndGlobalSection
	GlobalSection(ProjectConfigurationPlatforms) = postSolution
		{1EFF68DD-EEA4-47E3-A1F0-4931E83ADDB6}.Debug|Any CPU.ActiveCfg = Debug|Any CPU
		{1EFF68DD-EEA4-47E3-A1F0-4931E83ADDB6}.Debug|Any CPU.Build.0 = Debug|Any CPU
		{1EFF68DD-EEA4-47E3-A1F0-4931E83ADDB6}.Release|Any CPU.ActiveCfg = Release|Any CPU
		{1EFF68DD-EEA4-47E3-A1F0-4931E83ADDB6}.Release|Any CPU.Build.0 = Release|Any CPU
	EndGlobalSection
	GlobalSection(SolutionProperties) = preSolution
		HideSolutionNode = FALSE
	EndGlobalSection
	GlobalSection(ExtensibilityGlobals) = postSolution
		SolutionGuid = {0276C5F5-8DC7-465E-975B-C673A3E21849}
	EndGlobalSection
EndGlobal
